
Microsoft Visual Studio Solution File, Format Version 12.00
# Visual Studio 15
VisualStudioVersion = 15.0.26228.4
MinimumVisualStudioVersion = 10.0.40219.1
Project("{8BC9CEB8-8B4A-11D0-8D11-00A0C91BC942}") = "cplusplus-calculator-ct4021", "cplusplus-calculator-ct4021\cplusplus-calculator-ct4021.vcxproj", "{6B2FE3CF-5A38-49DD-853D-73DCADC73A94}"
EndProject
Project("{8BC9CEB8-8B4A-11D0-8D11-00A0C91BC942}") = "CalculatorLogic", "CalculatorLogic\CalculatorLogic.vcxitems", "{5F40EAF2-6864-4A7C-9B2D-116890F698C3}"
EndProject
Global
	GlobalSection(SharedMSBuildProjectFiles) = preSolution
		CalculatorLogic\CalculatorLogic.vcxitems*{5f40eaf2-6864-4a7c-9b2d-116890f698c3}*SharedItemsImports = 9
		CalculatorLogic\CalculatorLogic.vcxitems*{6b2fe3cf-5a38-49dd-853d-73dcadc73a94}*SharedItemsImports = 4
	EndGlobalSection
	GlobalSection(SolutionConfigurationPlatforms) = preSolution
		Debug|x64 = Debug|x64
		Debug|x86 = Debug|x86
		Release|x64 = Release|x64
		Release|x86 = Release|x86
	EndGlobalSection
	GlobalSection(ProjectConfigurationPlatforms) = postSolution
		{6B2FE3CF-5A38-49DD-853D-73DCADC73A94}.Debug|x64.ActiveCfg = Debug|x64
		{6B2FE3CF-5A38-49DD-853D-73DCADC73A94}.Debug|x64.Build.0 = Debug|x64
		{6B2FE3CF-5A38-49DD-853D-73DCADC73A94}.Debug|x86.ActiveCfg = Debug|Win32
		{6B2FE3CF-5A38-49DD-853D-73DCADC73A94}.Debug|x86.Build.0 = Debug|Win32
		{6B2FE3CF-5A38-49DD-853D-73DCADC73A94}.Release|x64.ActiveCfg = Release|x64
		{6B2FE3CF-5A38-49DD-853D-73DCADC73A94}.Release|x64.Build.0 = Release|x64
		{6B2FE3CF-5A38-49DD-853D-73DCADC73A94}.Release|x86.ActiveCfg = Release|Win32
		{6B2FE3CF-5A38-49DD-853D-73DCADC73A94}.Release|x86.Build.0 = Release|Win32
	EndGlobalSection
	GlobalSection(SolutionProperties) = preSolution
		HideSolutionNode = FALSE
	EndGlobalSection
EndGlobal
